
Microsoft Visual Studio Solution File, Format Version 12.00
# Visual Studio Version 16
VisualStudioVersion = 16.0.31105.61
MinimumVisualStudioVersion = 10.0.40219.1
Project("{FAE04EC0-301F-11D3-BF4B-00C04F79EFBC}") = "WebApplication34", "WebApplication34.csproj", "{05112DB6-743C-49F7-91BA-323AA1609C9B}"
EndProject
Global
	GlobalSection(SolutionConfigurationPlatforms) = preSolution
		Debug|Any CPU = Debug|Any CPU
		Release|Any CPU = Release|Any CPU
	EndGlobalSection
	GlobalSection(ProjectConfigurationPlatforms) = postSolution
		{05112DB6-743C-49F7-91BA-323AA1609C9B}.Debug|Any CPU.ActiveCfg = Debug|Any CPU
		{05112DB6-743C-49F7-91BA-323AA1609C9B}.Debug|Any CPU.Build.0 = Debug|Any CPU
		{05112DB6-743C-49F7-91BA-323AA1609C9B}.Release|Any CPU.ActiveCfg = Release|Any CPU
		{05112DB6-743C-49F7-91BA-323AA1609C9B}.Release|Any CPU.Build.0 = Release|Any CPU
	EndGlobalSection
	GlobalSection(SolutionProperties) = preSolution
		HideSolutionNode = FALSE
	EndGlobalSection
	GlobalSection(ExtensibilityGlobals) = postSolution
		SolutionGuid = {598EE11B-EF4F-4A64-9D69-9124954DA424}
	EndGlobalSection
EndGlobal
