
Microsoft Visual Studio Solution File, Format Version 12.00
# Visual Studio Version 16
VisualStudioVersion = 16.0.30517.126
MinimumVisualStudioVersion = 10.0.40219.1
Project("{FAE04EC0-301F-11D3-BF4B-00C04F79EFBC}") = "EF07", "EF07.csproj", "{9796C1E6-9367-4A01-91A5-357CDD0E9A9D}"
EndProject
Global
	GlobalSection(SolutionConfigurationPlatforms) = preSolution
		Debug|Any CPU = Debug|Any CPU
		Release|Any CPU = Release|Any CPU
	EndGlobalSection
	GlobalSection(ProjectConfigurationPlatforms) = postSolution
		{9796C1E6-9367-4A01-91A5-357CDD0E9A9D}.Debug|Any CPU.ActiveCfg = Debug|Any CPU
		{9796C1E6-9367-4A01-91A5-357CDD0E9A9D}.Debug|Any CPU.Build.0 = Debug|Any CPU
		{9796C1E6-9367-4A01-91A5-357CDD0E9A9D}.Release|Any CPU.ActiveCfg = Release|Any CPU
		{9796C1E6-9367-4A01-91A5-357CDD0E9A9D}.Release|Any CPU.Build.0 = Release|Any CPU
	EndGlobalSection
	GlobalSection(SolutionProperties) = preSolution
		HideSolutionNode = FALSE
	EndGlobalSection
	GlobalSection(ExtensibilityGlobals) = postSolution
		SolutionGuid = {B7E5732E-FA61-48B6-9A5D-A14AECBA02FA}
	EndGlobalSection
EndGlobal
