
Microsoft Visual Studio Solution File, Format Version 12.00
# Visual Studio Version 16
VisualStudioVersion = 16.0.30517.126
MinimumVisualStudioVersion = 10.0.40219.1
Project("{FAE04EC0-301F-11D3-BF4B-00C04F79EFBC}") = "API13", "API13.csproj", "{91961024-7069-4A64-81FF-DFECD4AD8CEC}"
EndProject
Global
	GlobalSection(SolutionConfigurationPlatforms) = preSolution
		Debug|Any CPU = Debug|Any CPU
		Release|Any CPU = Release|Any CPU
	EndGlobalSection
	GlobalSection(ProjectConfigurationPlatforms) = postSolution
		{91961024-7069-4A64-81FF-DFECD4AD8CEC}.Debug|Any CPU.ActiveCfg = Debug|Any CPU
		{91961024-7069-4A64-81FF-DFECD4AD8CEC}.Debug|Any CPU.Build.0 = Debug|Any CPU
		{91961024-7069-4A64-81FF-DFECD4AD8CEC}.Release|Any CPU.ActiveCfg = Release|Any CPU
		{91961024-7069-4A64-81FF-DFECD4AD8CEC}.Release|Any CPU.Build.0 = Release|Any CPU
	EndGlobalSection
	GlobalSection(SolutionProperties) = preSolution
		HideSolutionNode = FALSE
	EndGlobalSection
	GlobalSection(ExtensibilityGlobals) = postSolution
		SolutionGuid = {DFAAD243-B5B6-46D7-AF04-57837C9A28EF}
	EndGlobalSection
EndGlobal
