
Microsoft Visual Studio Solution File, Format Version 12.00
# Visual Studio Version 16
VisualStudioVersion = 16.0.30517.126
MinimumVisualStudioVersion = 10.0.40219.1
Project("{FAE04EC0-301F-11D3-BF4B-00C04F79EFBC}") = "Show", "Show.csproj", "{39CC86D5-5AAB-4F22-AE31-4F5408A6CD0F}"
EndProject
Global
	GlobalSection(SolutionConfigurationPlatforms) = preSolution
		Debug|Any CPU = Debug|Any CPU
		Release|Any CPU = Release|Any CPU
	EndGlobalSection
	GlobalSection(ProjectConfigurationPlatforms) = postSolution
		{39CC86D5-5AAB-4F22-AE31-4F5408A6CD0F}.Debug|Any CPU.ActiveCfg = Debug|Any CPU
		{39CC86D5-5AAB-4F22-AE31-4F5408A6CD0F}.Debug|Any CPU.Build.0 = Debug|Any CPU
		{39CC86D5-5AAB-4F22-AE31-4F5408A6CD0F}.Release|Any CPU.ActiveCfg = Release|Any CPU
		{39CC86D5-5AAB-4F22-AE31-4F5408A6CD0F}.Release|Any CPU.Build.0 = Release|Any CPU
	EndGlobalSection
	GlobalSection(SolutionProperties) = preSolution
		HideSolutionNode = FALSE
	EndGlobalSection
	GlobalSection(ExtensibilityGlobals) = postSolution
		SolutionGuid = {84DDE120-1D95-420D-959A-99E8F4AB94E2}
	EndGlobalSection
EndGlobal
