
Microsoft Visual Studio Solution File, Format Version 12.00
# Visual Studio Version 16
VisualStudioVersion = 16.0.30517.126
MinimumVisualStudioVersion = 10.0.40219.1
Project("{FAE04EC0-301F-11D3-BF4B-00C04F79EFBC}") = "WebAPI5", "WebAPI5.csproj", "{AACF98B0-F506-4A09-8F6D-BCE449781196}"
EndProject
Global
	GlobalSection(SolutionConfigurationPlatforms) = preSolution
		Debug|Any CPU = Debug|Any CPU
		Release|Any CPU = Release|Any CPU
	EndGlobalSection
	GlobalSection(ProjectConfigurationPlatforms) = postSolution
		{AACF98B0-F506-4A09-8F6D-BCE449781196}.Debug|Any CPU.ActiveCfg = Debug|Any CPU
		{AACF98B0-F506-4A09-8F6D-BCE449781196}.Debug|Any CPU.Build.0 = Debug|Any CPU
		{AACF98B0-F506-4A09-8F6D-BCE449781196}.Release|Any CPU.ActiveCfg = Release|Any CPU
		{AACF98B0-F506-4A09-8F6D-BCE449781196}.Release|Any CPU.Build.0 = Release|Any CPU
	EndGlobalSection
	GlobalSection(SolutionProperties) = preSolution
		HideSolutionNode = FALSE
	EndGlobalSection
	GlobalSection(ExtensibilityGlobals) = postSolution
		SolutionGuid = {380482FF-69D5-45FB-895E-C9A4D8D09957}
	EndGlobalSection
EndGlobal
