
Microsoft Visual Studio Solution File, Format Version 12.00
# Visual Studio Version 16
VisualStudioVersion = 16.0.30320.27
MinimumVisualStudioVersion = 10.0.40219.1
Project("{FAE04EC0-301F-11D3-BF4B-00C04F79EFBC}") = "day94razzor", "day94razzor.csproj", "{485C6592-2A6B-4785-A7B3-3BFF7F3DB9E2}"
EndProject
Global
	GlobalSection(SolutionConfigurationPlatforms) = preSolution
		Debug|Any CPU = Debug|Any CPU
		Release|Any CPU = Release|Any CPU
	EndGlobalSection
	GlobalSection(ProjectConfigurationPlatforms) = postSolution
		{485C6592-2A6B-4785-A7B3-3BFF7F3DB9E2}.Debug|Any CPU.ActiveCfg = Debug|Any CPU
		{485C6592-2A6B-4785-A7B3-3BFF7F3DB9E2}.Debug|Any CPU.Build.0 = Debug|Any CPU
		{485C6592-2A6B-4785-A7B3-3BFF7F3DB9E2}.Release|Any CPU.ActiveCfg = Release|Any CPU
		{485C6592-2A6B-4785-A7B3-3BFF7F3DB9E2}.Release|Any CPU.Build.0 = Release|Any CPU
	EndGlobalSection
	GlobalSection(SolutionProperties) = preSolution
		HideSolutionNode = FALSE
	EndGlobalSection
	GlobalSection(ExtensibilityGlobals) = postSolution
		SolutionGuid = {D50F02D4-E519-4F89-A6D2-4A40E7C0429A}
	EndGlobalSection
EndGlobal
