
Microsoft Visual Studio Solution File, Format Version 12.00
# Visual Studio Version 16
VisualStudioVersion = 16.0.30517.126
MinimumVisualStudioVersion = 10.0.40219.1
Project("{FAE04EC0-301F-11D3-BF4B-00C04F79EFBC}") = "Service", "Service.csproj", "{AC44A5A5-BB00-463B-B14D-6115467E472B}"
EndProject
Global
	GlobalSection(SolutionConfigurationPlatforms) = preSolution
		Debug|Any CPU = Debug|Any CPU
		Release|Any CPU = Release|Any CPU
	EndGlobalSection
	GlobalSection(ProjectConfigurationPlatforms) = postSolution
		{AC44A5A5-BB00-463B-B14D-6115467E472B}.Debug|Any CPU.ActiveCfg = Debug|Any CPU
		{AC44A5A5-BB00-463B-B14D-6115467E472B}.Debug|Any CPU.Build.0 = Debug|Any CPU
		{AC44A5A5-BB00-463B-B14D-6115467E472B}.Release|Any CPU.ActiveCfg = Release|Any CPU
		{AC44A5A5-BB00-463B-B14D-6115467E472B}.Release|Any CPU.Build.0 = Release|Any CPU
	EndGlobalSection
	GlobalSection(SolutionProperties) = preSolution
		HideSolutionNode = FALSE
	EndGlobalSection
	GlobalSection(ExtensibilityGlobals) = postSolution
		SolutionGuid = {F4C65AF0-09DE-4A81-8D05-D53E57EB54B4}
	EndGlobalSection
EndGlobal
