
Microsoft Visual Studio Solution File, Format Version 12.00
# Visual Studio Version 16
VisualStudioVersion = 16.0.30517.126
MinimumVisualStudioVersion = 10.0.40219.1
Project("{FAE04EC0-301F-11D3-BF4B-00C04F79EFBC}") = "API33", "API33.csproj", "{AC972813-0B4D-4D02-92F3-8A04F1BB6FF0}"
EndProject
Global
	GlobalSection(SolutionConfigurationPlatforms) = preSolution
		Debug|Any CPU = Debug|Any CPU
		Release|Any CPU = Release|Any CPU
	EndGlobalSection
	GlobalSection(ProjectConfigurationPlatforms) = postSolution
		{AC972813-0B4D-4D02-92F3-8A04F1BB6FF0}.Debug|Any CPU.ActiveCfg = Debug|Any CPU
		{AC972813-0B4D-4D02-92F3-8A04F1BB6FF0}.Debug|Any CPU.Build.0 = Debug|Any CPU
		{AC972813-0B4D-4D02-92F3-8A04F1BB6FF0}.Release|Any CPU.ActiveCfg = Release|Any CPU
		{AC972813-0B4D-4D02-92F3-8A04F1BB6FF0}.Release|Any CPU.Build.0 = Release|Any CPU
	EndGlobalSection
	GlobalSection(SolutionProperties) = preSolution
		HideSolutionNode = FALSE
	EndGlobalSection
	GlobalSection(ExtensibilityGlobals) = postSolution
		SolutionGuid = {D72102AF-E7A6-4B2A-8735-D4BB7D1533B3}
	EndGlobalSection
EndGlobal
