
Microsoft Visual Studio Solution File, Format Version 12.00
# Visual Studio Version 16
VisualStudioVersion = 16.0.31105.61
MinimumVisualStudioVersion = 10.0.40219.1
Project("{FAE04EC0-301F-11D3-BF4B-00C04F79EFBC}") = "WebApplication18", "WebApplication18.csproj", "{377B5859-31C8-4F00-8D32-DDC10AF01C7B}"
EndProject
Global
	GlobalSection(SolutionConfigurationPlatforms) = preSolution
		Debug|Any CPU = Debug|Any CPU
		Release|Any CPU = Release|Any CPU
	EndGlobalSection
	GlobalSection(ProjectConfigurationPlatforms) = postSolution
		{377B5859-31C8-4F00-8D32-DDC10AF01C7B}.Debug|Any CPU.ActiveCfg = Debug|Any CPU
		{377B5859-31C8-4F00-8D32-DDC10AF01C7B}.Debug|Any CPU.Build.0 = Debug|Any CPU
		{377B5859-31C8-4F00-8D32-DDC10AF01C7B}.Release|Any CPU.ActiveCfg = Release|Any CPU
		{377B5859-31C8-4F00-8D32-DDC10AF01C7B}.Release|Any CPU.Build.0 = Release|Any CPU
	EndGlobalSection
	GlobalSection(SolutionProperties) = preSolution
		HideSolutionNode = FALSE
	EndGlobalSection
	GlobalSection(ExtensibilityGlobals) = postSolution
		SolutionGuid = {DB45A2AA-67DE-4730-93C2-3C2E108545D0}
	EndGlobalSection
EndGlobal
