
Microsoft Visual Studio Solution File, Format Version 12.00
# Visual Studio Version 16
VisualStudioVersion = 16.0.31105.61
MinimumVisualStudioVersion = 10.0.40219.1
Project("{FAE04EC0-301F-11D3-BF4B-00C04F79EFBC}") = "WebApplication16", "WebApplication16.csproj", "{BB713C58-9F32-433A-BE3A-2EB68446B540}"
EndProject
Global
	GlobalSection(SolutionConfigurationPlatforms) = preSolution
		Debug|Any CPU = Debug|Any CPU
		Release|Any CPU = Release|Any CPU
	EndGlobalSection
	GlobalSection(ProjectConfigurationPlatforms) = postSolution
		{BB713C58-9F32-433A-BE3A-2EB68446B540}.Debug|Any CPU.ActiveCfg = Debug|Any CPU
		{BB713C58-9F32-433A-BE3A-2EB68446B540}.Debug|Any CPU.Build.0 = Debug|Any CPU
		{BB713C58-9F32-433A-BE3A-2EB68446B540}.Release|Any CPU.ActiveCfg = Release|Any CPU
		{BB713C58-9F32-433A-BE3A-2EB68446B540}.Release|Any CPU.Build.0 = Release|Any CPU
	EndGlobalSection
	GlobalSection(SolutionProperties) = preSolution
		HideSolutionNode = FALSE
	EndGlobalSection
	GlobalSection(ExtensibilityGlobals) = postSolution
		SolutionGuid = {1FDA7BBF-3AD0-4E62-8EC3-131A890C41C4}
	EndGlobalSection
EndGlobal
