
Microsoft Visual Studio Solution File, Format Version 12.00
# Visual Studio Version 16
VisualStudioVersion = 16.0.31105.61
MinimumVisualStudioVersion = 10.0.40219.1
Project("{FAE04EC0-301F-11D3-BF4B-00C04F79EFBC}") = "WebApplication25", "WebApplication25.csproj", "{10CB4AA2-5B63-4FE8-9855-10A7D0F68DE8}"
EndProject
Global
	GlobalSection(SolutionConfigurationPlatforms) = preSolution
		Debug|Any CPU = Debug|Any CPU
		Release|Any CPU = Release|Any CPU
	EndGlobalSection
	GlobalSection(ProjectConfigurationPlatforms) = postSolution
		{10CB4AA2-5B63-4FE8-9855-10A7D0F68DE8}.Debug|Any CPU.ActiveCfg = Debug|Any CPU
		{10CB4AA2-5B63-4FE8-9855-10A7D0F68DE8}.Debug|Any CPU.Build.0 = Debug|Any CPU
		{10CB4AA2-5B63-4FE8-9855-10A7D0F68DE8}.Release|Any CPU.ActiveCfg = Release|Any CPU
		{10CB4AA2-5B63-4FE8-9855-10A7D0F68DE8}.Release|Any CPU.Build.0 = Release|Any CPU
	EndGlobalSection
	GlobalSection(SolutionProperties) = preSolution
		HideSolutionNode = FALSE
	EndGlobalSection
	GlobalSection(ExtensibilityGlobals) = postSolution
		SolutionGuid = {083BC552-CD06-4869-8720-DFEC0D91B8E9}
	EndGlobalSection
EndGlobal
