
Microsoft Visual Studio Solution File, Format Version 12.00
# Visual Studio Version 16
VisualStudioVersion = 16.0.31105.61
MinimumVisualStudioVersion = 10.0.40219.1
Project("{FAE04EC0-301F-11D3-BF4B-00C04F79EFBC}") = "WebApplication37", "WebApplication37.csproj", "{445DC71D-0AB5-4046-BE42-A375669613D7}"
EndProject
Global
	GlobalSection(SolutionConfigurationPlatforms) = preSolution
		Debug|Any CPU = Debug|Any CPU
		Release|Any CPU = Release|Any CPU
	EndGlobalSection
	GlobalSection(ProjectConfigurationPlatforms) = postSolution
		{445DC71D-0AB5-4046-BE42-A375669613D7}.Debug|Any CPU.ActiveCfg = Debug|Any CPU
		{445DC71D-0AB5-4046-BE42-A375669613D7}.Debug|Any CPU.Build.0 = Debug|Any CPU
		{445DC71D-0AB5-4046-BE42-A375669613D7}.Release|Any CPU.ActiveCfg = Release|Any CPU
		{445DC71D-0AB5-4046-BE42-A375669613D7}.Release|Any CPU.Build.0 = Release|Any CPU
	EndGlobalSection
	GlobalSection(SolutionProperties) = preSolution
		HideSolutionNode = FALSE
	EndGlobalSection
	GlobalSection(ExtensibilityGlobals) = postSolution
		SolutionGuid = {B6B589AC-CB79-45EF-8384-05CE3958B97D}
	EndGlobalSection
EndGlobal
