
Microsoft Visual Studio Solution File, Format Version 12.00
# Visual Studio Version 16
VisualStudioVersion = 16.0.30517.126
MinimumVisualStudioVersion = 10.0.40219.1
Project("{FAE04EC0-301F-11D3-BF4B-00C04F79EFBC}") = "PostAndComments", "PostAndComments.csproj", "{7B54039A-1E38-4D7E-B5EF-686616B64F9B}"
EndProject
Global
	GlobalSection(SolutionConfigurationPlatforms) = preSolution
		Debug|Any CPU = Debug|Any CPU
		Release|Any CPU = Release|Any CPU
	EndGlobalSection
	GlobalSection(ProjectConfigurationPlatforms) = postSolution
		{7B54039A-1E38-4D7E-B5EF-686616B64F9B}.Debug|Any CPU.ActiveCfg = Debug|Any CPU
		{7B54039A-1E38-4D7E-B5EF-686616B64F9B}.Debug|Any CPU.Build.0 = Debug|Any CPU
		{7B54039A-1E38-4D7E-B5EF-686616B64F9B}.Release|Any CPU.ActiveCfg = Release|Any CPU
		{7B54039A-1E38-4D7E-B5EF-686616B64F9B}.Release|Any CPU.Build.0 = Release|Any CPU
	EndGlobalSection
	GlobalSection(SolutionProperties) = preSolution
		HideSolutionNode = FALSE
	EndGlobalSection
	GlobalSection(ExtensibilityGlobals) = postSolution
		SolutionGuid = {58A15582-3BBD-4A40-BCF9-9245E7040385}
	EndGlobalSection
EndGlobal
