
Microsoft Visual Studio Solution File, Format Version 12.00
# Visual Studio Version 16
VisualStudioVersion = 16.0.30517.126
MinimumVisualStudioVersion = 10.0.40219.1
Project("{FAE04EC0-301F-11D3-BF4B-00C04F79EFBC}") = "SimpleImageGallary", "SimpleImageGallary.csproj", "{53C4346D-4B5B-40E3-8463-92ED20C6BEE7}"
EndProject
Project("{FAE04EC0-301F-11D3-BF4B-00C04F79EFBC}") = "SimpleImageGallery.Data", "..\SimpleImageGallery.Data\SimpleImageGallery.Data.csproj", "{6FB6049E-E30E-4AD1-8C8C-1A6FE55680B4}"
EndProject
Global
	GlobalSection(SolutionConfigurationPlatforms) = preSolution
		Debug|Any CPU = Debug|Any CPU
		Release|Any CPU = Release|Any CPU
	EndGlobalSection
	GlobalSection(ProjectConfigurationPlatforms) = postSolution
		{53C4346D-4B5B-40E3-8463-92ED20C6BEE7}.Debug|Any CPU.ActiveCfg = Debug|Any CPU
		{53C4346D-4B5B-40E3-8463-92ED20C6BEE7}.Debug|Any CPU.Build.0 = Debug|Any CPU
		{53C4346D-4B5B-40E3-8463-92ED20C6BEE7}.Release|Any CPU.ActiveCfg = Release|Any CPU
		{53C4346D-4B5B-40E3-8463-92ED20C6BEE7}.Release|Any CPU.Build.0 = Release|Any CPU
		{6FB6049E-E30E-4AD1-8C8C-1A6FE55680B4}.Debug|Any CPU.ActiveCfg = Debug|Any CPU
		{6FB6049E-E30E-4AD1-8C8C-1A6FE55680B4}.Debug|Any CPU.Build.0 = Debug|Any CPU
		{6FB6049E-E30E-4AD1-8C8C-1A6FE55680B4}.Release|Any CPU.ActiveCfg = Release|Any CPU
		{6FB6049E-E30E-4AD1-8C8C-1A6FE55680B4}.Release|Any CPU.Build.0 = Release|Any CPU
	EndGlobalSection
	GlobalSection(SolutionProperties) = preSolution
		HideSolutionNode = FALSE
	EndGlobalSection
	GlobalSection(ExtensibilityGlobals) = postSolution
		SolutionGuid = {CCA6FF0C-50CC-4096-B338-25717A4C5497}
	EndGlobalSection
EndGlobal
