
Microsoft Visual Studio Solution File, Format Version 12.00
# Visual Studio Version 16
VisualStudioVersion = 16.0.30517.126
MinimumVisualStudioVersion = 10.0.40219.1
Project("{FAE04EC0-301F-11D3-BF4B-00C04F79EFBC}") = "WapAPAgainI", "WapAPAgainI.csproj", "{E916E8F6-530B-4DA9-A5FE-D059018163BA}"
EndProject
Global
	GlobalSection(SolutionConfigurationPlatforms) = preSolution
		Debug|Any CPU = Debug|Any CPU
		Release|Any CPU = Release|Any CPU
	EndGlobalSection
	GlobalSection(ProjectConfigurationPlatforms) = postSolution
		{E916E8F6-530B-4DA9-A5FE-D059018163BA}.Debug|Any CPU.ActiveCfg = Debug|Any CPU
		{E916E8F6-530B-4DA9-A5FE-D059018163BA}.Debug|Any CPU.Build.0 = Debug|Any CPU
		{E916E8F6-530B-4DA9-A5FE-D059018163BA}.Release|Any CPU.ActiveCfg = Release|Any CPU
		{E916E8F6-530B-4DA9-A5FE-D059018163BA}.Release|Any CPU.Build.0 = Release|Any CPU
	EndGlobalSection
	GlobalSection(SolutionProperties) = preSolution
		HideSolutionNode = FALSE
	EndGlobalSection
	GlobalSection(ExtensibilityGlobals) = postSolution
		SolutionGuid = {BD9D8552-85D0-42DF-9FA6-D2D013BA656B}
	EndGlobalSection
EndGlobal
