
Microsoft Visual Studio Solution File, Format Version 12.00
# Visual Studio Version 16
VisualStudioVersion = 16.0.31105.61
MinimumVisualStudioVersion = 10.0.40219.1
Project("{FAE04EC0-301F-11D3-BF4B-00C04F79EFBC}") = "WebApplication29", "WebApplication29.csproj", "{759A171B-D3E6-4BC2-A8D7-22A649336275}"
EndProject
Global
	GlobalSection(SolutionConfigurationPlatforms) = preSolution
		Debug|Any CPU = Debug|Any CPU
		Release|Any CPU = Release|Any CPU
	EndGlobalSection
	GlobalSection(ProjectConfigurationPlatforms) = postSolution
		{759A171B-D3E6-4BC2-A8D7-22A649336275}.Debug|Any CPU.ActiveCfg = Debug|Any CPU
		{759A171B-D3E6-4BC2-A8D7-22A649336275}.Debug|Any CPU.Build.0 = Debug|Any CPU
		{759A171B-D3E6-4BC2-A8D7-22A649336275}.Release|Any CPU.ActiveCfg = Release|Any CPU
		{759A171B-D3E6-4BC2-A8D7-22A649336275}.Release|Any CPU.Build.0 = Release|Any CPU
	EndGlobalSection
	GlobalSection(SolutionProperties) = preSolution
		HideSolutionNode = FALSE
	EndGlobalSection
	GlobalSection(ExtensibilityGlobals) = postSolution
		SolutionGuid = {A22776A0-DDDE-4F50-AF84-D9AEA912CD34}
	EndGlobalSection
EndGlobal
