
Microsoft Visual Studio Solution File, Format Version 12.00
# Visual Studio Version 16
VisualStudioVersion = 16.0.30517.126
MinimumVisualStudioVersion = 10.0.40219.1
Project("{FAE04EC0-301F-11D3-BF4B-00C04F79EFBC}") = "Showie", "Showie.csproj", "{2E32765A-A16C-4CEB-AEFD-389FD4B1528D}"
EndProject
Global
	GlobalSection(SolutionConfigurationPlatforms) = preSolution
		Debug|Any CPU = Debug|Any CPU
		Release|Any CPU = Release|Any CPU
	EndGlobalSection
	GlobalSection(ProjectConfigurationPlatforms) = postSolution
		{2E32765A-A16C-4CEB-AEFD-389FD4B1528D}.Debug|Any CPU.ActiveCfg = Debug|Any CPU
		{2E32765A-A16C-4CEB-AEFD-389FD4B1528D}.Debug|Any CPU.Build.0 = Debug|Any CPU
		{2E32765A-A16C-4CEB-AEFD-389FD4B1528D}.Release|Any CPU.ActiveCfg = Release|Any CPU
		{2E32765A-A16C-4CEB-AEFD-389FD4B1528D}.Release|Any CPU.Build.0 = Release|Any CPU
	EndGlobalSection
	GlobalSection(SolutionProperties) = preSolution
		HideSolutionNode = FALSE
	EndGlobalSection
	GlobalSection(ExtensibilityGlobals) = postSolution
		SolutionGuid = {BC8185BC-6074-4833-BB4D-6A50523DAAAE}
	EndGlobalSection
EndGlobal
