
Microsoft Visual Studio Solution File, Format Version 12.00
# Visual Studio Version 16
VisualStudioVersion = 16.0.30517.126
MinimumVisualStudioVersion = 10.0.40219.1
Project("{FAE04EC0-301F-11D3-BF4B-00C04F79EFBC}") = "WebAPI4", "WebAPI4.csproj", "{C8FB27AD-D988-4577-8B46-3777DDAAFB3F}"
EndProject
Global
	GlobalSection(SolutionConfigurationPlatforms) = preSolution
		Debug|Any CPU = Debug|Any CPU
		Release|Any CPU = Release|Any CPU
	EndGlobalSection
	GlobalSection(ProjectConfigurationPlatforms) = postSolution
		{C8FB27AD-D988-4577-8B46-3777DDAAFB3F}.Debug|Any CPU.ActiveCfg = Debug|Any CPU
		{C8FB27AD-D988-4577-8B46-3777DDAAFB3F}.Debug|Any CPU.Build.0 = Debug|Any CPU
		{C8FB27AD-D988-4577-8B46-3777DDAAFB3F}.Release|Any CPU.ActiveCfg = Release|Any CPU
		{C8FB27AD-D988-4577-8B46-3777DDAAFB3F}.Release|Any CPU.Build.0 = Release|Any CPU
	EndGlobalSection
	GlobalSection(SolutionProperties) = preSolution
		HideSolutionNode = FALSE
	EndGlobalSection
	GlobalSection(ExtensibilityGlobals) = postSolution
		SolutionGuid = {25C600C0-9512-4D5C-A360-7A5F34F2F014}
	EndGlobalSection
EndGlobal
