
Microsoft Visual Studio Solution File, Format Version 12.00
# Visual Studio Version 16
VisualStudioVersion = 16.0.31105.61
MinimumVisualStudioVersion = 10.0.40219.1
Project("{FAE04EC0-301F-11D3-BF4B-00C04F79EFBC}") = "AuthTest", "AuthTest.csproj", "{8A3D99C6-ADB5-47CA-A9B4-C1F99A72F19E}"
EndProject
Global
	GlobalSection(SolutionConfigurationPlatforms) = preSolution
		Debug|Any CPU = Debug|Any CPU
		Release|Any CPU = Release|Any CPU
	EndGlobalSection
	GlobalSection(ProjectConfigurationPlatforms) = postSolution
		{8A3D99C6-ADB5-47CA-A9B4-C1F99A72F19E}.Debug|Any CPU.ActiveCfg = Debug|Any CPU
		{8A3D99C6-ADB5-47CA-A9B4-C1F99A72F19E}.Debug|Any CPU.Build.0 = Debug|Any CPU
		{8A3D99C6-ADB5-47CA-A9B4-C1F99A72F19E}.Release|Any CPU.ActiveCfg = Release|Any CPU
		{8A3D99C6-ADB5-47CA-A9B4-C1F99A72F19E}.Release|Any CPU.Build.0 = Release|Any CPU
	EndGlobalSection
	GlobalSection(SolutionProperties) = preSolution
		HideSolutionNode = FALSE
	EndGlobalSection
	GlobalSection(ExtensibilityGlobals) = postSolution
		SolutionGuid = {B069AEE4-3B10-4B0E-B0DC-C3EDB892B3F1}
	EndGlobalSection
EndGlobal
