
Microsoft Visual Studio Solution File, Format Version 12.00
# Visual Studio Version 16
VisualStudioVersion = 16.0.30517.126
MinimumVisualStudioVersion = 10.0.40219.1
Project("{FAE04EC0-301F-11D3-BF4B-00C04F79EFBC}") = "API31", "API31.csproj", "{D2551711-68BA-4F42-8C11-3DD7BE6FCE7D}"
EndProject
Global
	GlobalSection(SolutionConfigurationPlatforms) = preSolution
		Debug|Any CPU = Debug|Any CPU
		Release|Any CPU = Release|Any CPU
	EndGlobalSection
	GlobalSection(ProjectConfigurationPlatforms) = postSolution
		{D2551711-68BA-4F42-8C11-3DD7BE6FCE7D}.Debug|Any CPU.ActiveCfg = Debug|Any CPU
		{D2551711-68BA-4F42-8C11-3DD7BE6FCE7D}.Debug|Any CPU.Build.0 = Debug|Any CPU
		{D2551711-68BA-4F42-8C11-3DD7BE6FCE7D}.Release|Any CPU.ActiveCfg = Release|Any CPU
		{D2551711-68BA-4F42-8C11-3DD7BE6FCE7D}.Release|Any CPU.Build.0 = Release|Any CPU
	EndGlobalSection
	GlobalSection(SolutionProperties) = preSolution
		HideSolutionNode = FALSE
	EndGlobalSection
	GlobalSection(ExtensibilityGlobals) = postSolution
		SolutionGuid = {EB4DB0A3-2344-4DE7-B83E-4EB3ADEB0505}
	EndGlobalSection
EndGlobal
