
Microsoft Visual Studio Solution File, Format Version 12.00
# Visual Studio Version 16
VisualStudioVersion = 16.0.30517.126
MinimumVisualStudioVersion = 10.0.40219.1
Project("{FAE04EC0-301F-11D3-BF4B-00C04F79EFBC}") = "API32", "API32.csproj", "{C3E9767A-DA20-413F-AA02-5324EE7D095E}"
EndProject
Global
	GlobalSection(SolutionConfigurationPlatforms) = preSolution
		Debug|Any CPU = Debug|Any CPU
		Release|Any CPU = Release|Any CPU
	EndGlobalSection
	GlobalSection(ProjectConfigurationPlatforms) = postSolution
		{C3E9767A-DA20-413F-AA02-5324EE7D095E}.Debug|Any CPU.ActiveCfg = Debug|Any CPU
		{C3E9767A-DA20-413F-AA02-5324EE7D095E}.Debug|Any CPU.Build.0 = Debug|Any CPU
		{C3E9767A-DA20-413F-AA02-5324EE7D095E}.Release|Any CPU.ActiveCfg = Release|Any CPU
		{C3E9767A-DA20-413F-AA02-5324EE7D095E}.Release|Any CPU.Build.0 = Release|Any CPU
	EndGlobalSection
	GlobalSection(SolutionProperties) = preSolution
		HideSolutionNode = FALSE
	EndGlobalSection
	GlobalSection(ExtensibilityGlobals) = postSolution
		SolutionGuid = {DB9415A4-F498-4EDC-A903-09EB7A01BE9D}
	EndGlobalSection
EndGlobal
