
Microsoft Visual Studio Solution File, Format Version 12.00
# Visual Studio Version 16
VisualStudioVersion = 16.0.30517.126
MinimumVisualStudioVersion = 10.0.40219.1
Project("{FAE04EC0-301F-11D3-BF4B-00C04F79EFBC}") = "Azzure", "Azzure.csproj", "{32025918-8060-4F54-8288-0EDF5B1AF683}"
EndProject
Global
	GlobalSection(SolutionConfigurationPlatforms) = preSolution
		Debug|Any CPU = Debug|Any CPU
		Release|Any CPU = Release|Any CPU
	EndGlobalSection
	GlobalSection(ProjectConfigurationPlatforms) = postSolution
		{32025918-8060-4F54-8288-0EDF5B1AF683}.Debug|Any CPU.ActiveCfg = Debug|Any CPU
		{32025918-8060-4F54-8288-0EDF5B1AF683}.Debug|Any CPU.Build.0 = Debug|Any CPU
		{32025918-8060-4F54-8288-0EDF5B1AF683}.Release|Any CPU.ActiveCfg = Release|Any CPU
		{32025918-8060-4F54-8288-0EDF5B1AF683}.Release|Any CPU.Build.0 = Release|Any CPU
	EndGlobalSection
	GlobalSection(SolutionProperties) = preSolution
		HideSolutionNode = FALSE
	EndGlobalSection
	GlobalSection(ExtensibilityGlobals) = postSolution
		SolutionGuid = {E5014A74-CF9B-48E1-A353-D692E020E2D7}
	EndGlobalSection
EndGlobal
