
Microsoft Visual Studio Solution File, Format Version 12.00
# Visual Studio Version 16
VisualStudioVersion = 16.0.30517.126
MinimumVisualStudioVersion = 10.0.40219.1
Project("{FAE04EC0-301F-11D3-BF4B-00C04F79EFBC}") = "EF10", "EF10.csproj", "{628CDBD8-A28A-44B2-B19F-1A4DD619D194}"
EndProject
Global
	GlobalSection(SolutionConfigurationPlatforms) = preSolution
		Debug|Any CPU = Debug|Any CPU
		Release|Any CPU = Release|Any CPU
	EndGlobalSection
	GlobalSection(ProjectConfigurationPlatforms) = postSolution
		{628CDBD8-A28A-44B2-B19F-1A4DD619D194}.Debug|Any CPU.ActiveCfg = Debug|Any CPU
		{628CDBD8-A28A-44B2-B19F-1A4DD619D194}.Debug|Any CPU.Build.0 = Debug|Any CPU
		{628CDBD8-A28A-44B2-B19F-1A4DD619D194}.Release|Any CPU.ActiveCfg = Release|Any CPU
		{628CDBD8-A28A-44B2-B19F-1A4DD619D194}.Release|Any CPU.Build.0 = Release|Any CPU
	EndGlobalSection
	GlobalSection(SolutionProperties) = preSolution
		HideSolutionNode = FALSE
	EndGlobalSection
	GlobalSection(ExtensibilityGlobals) = postSolution
		SolutionGuid = {59F8F4F2-5DF2-458D-9E59-0A83F6D75C0E}
	EndGlobalSection
EndGlobal
