
Microsoft Visual Studio Solution File, Format Version 12.00
# Visual Studio Version 16
VisualStudioVersion = 16.0.31105.61
MinimumVisualStudioVersion = 10.0.40219.1
Project("{FAE04EC0-301F-11D3-BF4B-00C04F79EFBC}") = "B2C00", "B2C00.csproj", "{5947491D-6747-478F-B9A3-37BE67CB44FA}"
EndProject
Global
	GlobalSection(SolutionConfigurationPlatforms) = preSolution
		Debug|Any CPU = Debug|Any CPU
		Release|Any CPU = Release|Any CPU
	EndGlobalSection
	GlobalSection(ProjectConfigurationPlatforms) = postSolution
		{5947491D-6747-478F-B9A3-37BE67CB44FA}.Debug|Any CPU.ActiveCfg = Debug|Any CPU
		{5947491D-6747-478F-B9A3-37BE67CB44FA}.Debug|Any CPU.Build.0 = Debug|Any CPU
		{5947491D-6747-478F-B9A3-37BE67CB44FA}.Release|Any CPU.ActiveCfg = Release|Any CPU
		{5947491D-6747-478F-B9A3-37BE67CB44FA}.Release|Any CPU.Build.0 = Release|Any CPU
	EndGlobalSection
	GlobalSection(SolutionProperties) = preSolution
		HideSolutionNode = FALSE
	EndGlobalSection
	GlobalSection(ExtensibilityGlobals) = postSolution
		SolutionGuid = {C0AA38F0-30F0-49D1-99C6-6990AE4958F8}
	EndGlobalSection
EndGlobal
