
Microsoft Visual Studio Solution File, Format Version 12.00
# Visual Studio Version 16
VisualStudioVersion = 16.0.30517.126
MinimumVisualStudioVersion = 10.0.40219.1
Project("{FAE04EC0-301F-11D3-BF4B-00C04F79EFBC}") = "EF02", "EF02.csproj", "{DCB06882-51A9-4CA8-8316-9F14212CE9EF}"
EndProject
Global
	GlobalSection(SolutionConfigurationPlatforms) = preSolution
		Debug|Any CPU = Debug|Any CPU
		Release|Any CPU = Release|Any CPU
	EndGlobalSection
	GlobalSection(ProjectConfigurationPlatforms) = postSolution
		{DCB06882-51A9-4CA8-8316-9F14212CE9EF}.Debug|Any CPU.ActiveCfg = Debug|Any CPU
		{DCB06882-51A9-4CA8-8316-9F14212CE9EF}.Debug|Any CPU.Build.0 = Debug|Any CPU
		{DCB06882-51A9-4CA8-8316-9F14212CE9EF}.Release|Any CPU.ActiveCfg = Release|Any CPU
		{DCB06882-51A9-4CA8-8316-9F14212CE9EF}.Release|Any CPU.Build.0 = Release|Any CPU
	EndGlobalSection
	GlobalSection(SolutionProperties) = preSolution
		HideSolutionNode = FALSE
	EndGlobalSection
	GlobalSection(ExtensibilityGlobals) = postSolution
		SolutionGuid = {A232CA9E-A79B-430E-8AB0-8707859175E6}
	EndGlobalSection
EndGlobal
