
Microsoft Visual Studio Solution File, Format Version 12.00
# Visual Studio Version 16
VisualStudioVersion = 16.0.30517.126
MinimumVisualStudioVersion = 10.0.40219.1
Project("{FAE04EC0-301F-11D3-BF4B-00C04F79EFBC}") = "WebApplication9", "WebApplication9.csproj", "{42A7542F-CD65-43B6-9644-2A907437D422}"
EndProject
Global
	GlobalSection(SolutionConfigurationPlatforms) = preSolution
		Debug|Any CPU = Debug|Any CPU
		Release|Any CPU = Release|Any CPU
	EndGlobalSection
	GlobalSection(ProjectConfigurationPlatforms) = postSolution
		{42A7542F-CD65-43B6-9644-2A907437D422}.Debug|Any CPU.ActiveCfg = Debug|Any CPU
		{42A7542F-CD65-43B6-9644-2A907437D422}.Debug|Any CPU.Build.0 = Debug|Any CPU
		{42A7542F-CD65-43B6-9644-2A907437D422}.Release|Any CPU.ActiveCfg = Release|Any CPU
		{42A7542F-CD65-43B6-9644-2A907437D422}.Release|Any CPU.Build.0 = Release|Any CPU
	EndGlobalSection
	GlobalSection(SolutionProperties) = preSolution
		HideSolutionNode = FALSE
	EndGlobalSection
	GlobalSection(ExtensibilityGlobals) = postSolution
		SolutionGuid = {5D8153CE-AA28-49C6-A883-2205EB4BCE72}
	EndGlobalSection
EndGlobal
