
Microsoft Visual Studio Solution File, Format Version 12.00
# Visual Studio Version 16
VisualStudioVersion = 16.0.30517.126
MinimumVisualStudioVersion = 10.0.40219.1
Project("{FAE04EC0-301F-11D3-BF4B-00C04F79EFBC}") = "API", "API.csproj", "{A3B7A112-7CB7-4F40-BE3D-76780A9E9122}"
EndProject
Global
	GlobalSection(SolutionConfigurationPlatforms) = preSolution
		Debug|Any CPU = Debug|Any CPU
		Release|Any CPU = Release|Any CPU
	EndGlobalSection
	GlobalSection(ProjectConfigurationPlatforms) = postSolution
		{A3B7A112-7CB7-4F40-BE3D-76780A9E9122}.Debug|Any CPU.ActiveCfg = Debug|Any CPU
		{A3B7A112-7CB7-4F40-BE3D-76780A9E9122}.Debug|Any CPU.Build.0 = Debug|Any CPU
		{A3B7A112-7CB7-4F40-BE3D-76780A9E9122}.Release|Any CPU.ActiveCfg = Release|Any CPU
		{A3B7A112-7CB7-4F40-BE3D-76780A9E9122}.Release|Any CPU.Build.0 = Release|Any CPU
	EndGlobalSection
	GlobalSection(SolutionProperties) = preSolution
		HideSolutionNode = FALSE
	EndGlobalSection
	GlobalSection(ExtensibilityGlobals) = postSolution
		SolutionGuid = {10954D0E-2CEE-4AF0-BC72-EDBCDD3383F9}
	EndGlobalSection
EndGlobal
