
Microsoft Visual Studio Solution File, Format Version 12.00
# Visual Studio Version 16
VisualStudioVersion = 16.0.30517.126
MinimumVisualStudioVersion = 10.0.40219.1
Project("{FAE04EC0-301F-11D3-BF4B-00C04F79EFBC}") = "HTML to Doc", "HTML to Doc.csproj", "{945F08FE-4D83-4E18-A6AB-863450CB25C9}"
EndProject
Global
	GlobalSection(SolutionConfigurationPlatforms) = preSolution
		Debug|Any CPU = Debug|Any CPU
		Release|Any CPU = Release|Any CPU
	EndGlobalSection
	GlobalSection(ProjectConfigurationPlatforms) = postSolution
		{945F08FE-4D83-4E18-A6AB-863450CB25C9}.Debug|Any CPU.ActiveCfg = Debug|Any CPU
		{945F08FE-4D83-4E18-A6AB-863450CB25C9}.Debug|Any CPU.Build.0 = Debug|Any CPU
		{945F08FE-4D83-4E18-A6AB-863450CB25C9}.Release|Any CPU.ActiveCfg = Release|Any CPU
		{945F08FE-4D83-4E18-A6AB-863450CB25C9}.Release|Any CPU.Build.0 = Release|Any CPU
	EndGlobalSection
	GlobalSection(SolutionProperties) = preSolution
		HideSolutionNode = FALSE
	EndGlobalSection
	GlobalSection(ExtensibilityGlobals) = postSolution
		SolutionGuid = {78F57983-2AE0-4F39-9E7C-3C1F474314FC}
	EndGlobalSection
EndGlobal
