
Microsoft Visual Studio Solution File, Format Version 12.00
# Visual Studio Version 16
VisualStudioVersion = 16.0.30320.27
MinimumVisualStudioVersion = 10.0.40219.1
Project("{FAE04EC0-301F-11D3-BF4B-00C04F79EFBC}") = "test01", "test01.csproj", "{59F69069-69C8-4EA3-9AB8-8E0E093426F2}"
EndProject
Global
	GlobalSection(SolutionConfigurationPlatforms) = preSolution
		Debug|Any CPU = Debug|Any CPU
		Release|Any CPU = Release|Any CPU
	EndGlobalSection
	GlobalSection(ProjectConfigurationPlatforms) = postSolution
		{59F69069-69C8-4EA3-9AB8-8E0E093426F2}.Debug|Any CPU.ActiveCfg = Debug|Any CPU
		{59F69069-69C8-4EA3-9AB8-8E0E093426F2}.Debug|Any CPU.Build.0 = Debug|Any CPU
		{59F69069-69C8-4EA3-9AB8-8E0E093426F2}.Release|Any CPU.ActiveCfg = Release|Any CPU
		{59F69069-69C8-4EA3-9AB8-8E0E093426F2}.Release|Any CPU.Build.0 = Release|Any CPU
	EndGlobalSection
	GlobalSection(SolutionProperties) = preSolution
		HideSolutionNode = FALSE
	EndGlobalSection
	GlobalSection(ExtensibilityGlobals) = postSolution
		SolutionGuid = {BCAA180D-BF63-433D-B40E-3BCC7C1CC988}
	EndGlobalSection
EndGlobal
